
Microsoft Visual Studio Solution File, Format Version 12.00
# Visual Studio Version 17
VisualStudioVersion = 17.9.34616.47
MinimumVisualStudioVersion = 10.0.40219.1
Project("{FAE04EC0-301F-11D3-BF4B-00C04F79EFBC}") = "ClassesHW", "ClassesHW\ClassesHW.csproj", "{37D15323-7A9B-4C3B-9BBC-C06A71B9D670}"
EndProject
Global
	GlobalSection(SolutionConfigurationPlatforms) = preSolution
		Debug|Any CPU = Debug|Any CPU
		Release|Any CPU = Release|Any CPU
	EndGlobalSection
	GlobalSection(ProjectConfigurationPlatforms) = postSolution
		{37D15323-7A9B-4C3B-9BBC-C06A71B9D670}.Debug|Any CPU.ActiveCfg = Debug|Any CPU
		{37D15323-7A9B-4C3B-9BBC-C06A71B9D670}.Debug|Any CPU.Build.0 = Debug|Any CPU
		{37D15323-7A9B-4C3B-9BBC-C06A71B9D670}.Release|Any CPU.ActiveCfg = Release|Any CPU
		{37D15323-7A9B-4C3B-9BBC-C06A71B9D670}.Release|Any CPU.Build.0 = Release|Any CPU
	EndGlobalSection
	GlobalSection(SolutionProperties) = preSolution
		HideSolutionNode = FALSE
	EndGlobalSection
	GlobalSection(ExtensibilityGlobals) = postSolution
		SolutionGuid = {88D2352B-8D1F-4FCE-A039-59E9E4D938DB}
	EndGlobalSection
EndGlobal
